// !$*UTF8*$!
{
	archiveVersion = 1;
	classes = {
	};
	objectVersion = 50;
	objects = {

/* Begin PBXBuildFile section */
		2E30B6302784DB03003CAA43 /* WittyPi3.cpp in Sources */ = {isa = PBXBuildFile; fileRef = 2E30B62E2784DB03003CAA43 /* WittyPi3.cpp */; };
		2EFD1392276FF5DF0073F6AD /* main.cpp in Sources */ = {isa = PBXBuildFile; fileRef = 2EFD1391276FF5DF0073F6AD /* main.cpp */; };
		2EFD145B277003520073F6AD /* libFOOServer.a in Frameworks */ = {isa = PBXBuildFile; fileRef = 2EFD1457277001B60073F6AD /* libFOOServer.a */; };
		2EFD1463277101D10073F6AD /* CoopMgr.cpp in Sources */ = {isa = PBXBuildFile; fileRef = 2EFD1460277100AA0073F6AD /* CoopMgr.cpp */; };
		2EFD146C277106240073F6AD /* CPUInfo.cpp in Sources */ = {isa = PBXBuildFile; fileRef = 2EFD1467277102C20073F6AD /* CPUInfo.cpp */; };
		2EFD146D277106270073F6AD /* I2C.cpp in Sources */ = {isa = PBXBuildFile; fileRef = 2EFD1466277102C20073F6AD /* I2C.cpp */; };
		2EFD146E277106290073F6AD /* TempSensor.cpp in Sources */ = {isa = PBXBuildFile; fileRef = 2EFD1465277102C20073F6AD /* TempSensor.cpp */; };
		2EFD146F2771062D0073F6AD /* TMP102.cpp in Sources */ = {isa = PBXBuildFile; fileRef = 2EFD146B277102C20073F6AD /* TMP102.cpp */; };
		2EFD1473277108070073F6AD /* ServerNouns.cpp in Sources */ = {isa = PBXBuildFile; fileRef = 2EFD1471277108070073F6AD /* ServerNouns.cpp */; };
		2EFD147727710A490073F6AD /* libsqlite3.tbd in Frameworks */ = {isa = PBXBuildFile; fileRef = 2EFD147627710A490073F6AD /* libsqlite3.tbd */; };
		2EFD147A27710A770073F6AD /* CoopMgrDB.cpp in Sources */ = {isa = PBXBuildFile; fileRef = 2EFD147827710A770073F6AD /* CoopMgrDB.cpp */; };
		2EFD147D277111C20073F6AD /* CoopMgrAPISecretMgr.cpp in Sources */ = {isa = PBXBuildFile; fileRef = 2EFD147B277111C20073F6AD /* CoopMgrAPISecretMgr.cpp */; };
		2EFD148227711BC60073F6AD /* ServerCommandsLineFunctions.cpp in Sources */ = {isa = PBXBuildFile; fileRef = 2EFD148127711BC60073F6AD /* ServerCommandsLineFunctions.cpp */; };
		2EFD148627711D7E0073F6AD /* helpfile.txt in CopyFiles */ = {isa = PBXBuildFile; fileRef = 2EFD148527711D410073F6AD /* helpfile.txt */; };
		2EFD14892771213F0073F6AD /* valueschema.csv in CopyFiles */ = {isa = PBXBuildFile; fileRef = 2EFD1488277121250073F6AD /* valueschema.csv */; };
		2EFD1493277167BE0073F6AD /* sunset.cpp in Sources */ = {isa = PBXBuildFile; fileRef = 2EFD1491277167BE0073F6AD /* sunset.cpp */; };
		2EFD14962771680B0073F6AD /* SolarTimeMgr.cpp in Sources */ = {isa = PBXBuildFile; fileRef = 2EFD14942771680B0073F6AD /* SolarTimeMgr.cpp */; };
		2EFD149C27725EC50073F6AD /* GPIO.cpp in Sources */ = {isa = PBXBuildFile; fileRef = 2EFD149B27725EC50073F6AD /* GPIO.cpp */; };
		2EFD149F27725F710073F6AD /* CoopDevices.cpp in Sources */ = {isa = PBXBuildFile; fileRef = 2EFD149D27725F710073F6AD /* CoopDevices.cpp */; };
		2EFD14A62772A80A0073F6AD /* QwiicButton.cpp in Sources */ = {isa = PBXBuildFile; fileRef = 2EFD14A42772A80A0073F6AD /* QwiicButton.cpp */; };
		2EFD14AD277539670073F6AD /* RPi_RelayHat.cpp in Sources */ = {isa = PBXBuildFile; fileRef = 2EFD14AB277539670073F6AD /* RPi_RelayHat.cpp */; };
		2EFD14B5277691BB0073F6AD /* macos_gpiod.c in Sources */ = {isa = PBXBuildFile; fileRef = 2EFD14B4277691BB0073F6AD /* macos_gpiod.c */; };
		2EFD14BC277A50790073F6AD /* DoorMgr.cpp in Sources */ = {isa = PBXBuildFile; fileRef = 2EFD14BA277A50790073F6AD /* DoorMgr.cpp */; };
		2EFD14C3277D1E270073F6AD /* Action.cpp in Sources */ = {isa = PBXBuildFile; fileRef = 2EFD14C1277D1E270073F6AD /* Action.cpp */; };
		2EFD14C6277D276A0073F6AD /* Event.cpp in Sources */ = {isa = PBXBuildFile; fileRef = 2EFD14C4277D276A0073F6AD /* Event.cpp */; };
		2EFD14CA277E46920073F6AD /* coopmgr.props.json in CopyFiles */ = {isa = PBXBuildFile; fileRef = 2EFD14C9277E46580073F6AD /* coopmgr.props.json */; };
/* End PBXBuildFile section */

/* Begin PBXContainerItemProxy section */
		2EFD1456277001B60073F6AD /* PBXContainerItemProxy */ = {
			isa = PBXContainerItemProxy;
			containerPortal = 2EFD1452277001B60073F6AD /* FooServer.xcodeproj */;
			proxyType = 2;
			remoteGlobalIDString = 2EA770C9261E20FC00045F27;
			remoteInfo = FOOServer;
		};
		2EFD14582770033C0073F6AD /* PBXContainerItemProxy */ = {
			isa = PBXContainerItemProxy;
			containerPortal = 2EFD1452277001B60073F6AD /* FooServer.xcodeproj */;
			proxyType = 1;
			remoteGlobalIDString = 2EA770C8261E20FC00045F27;
			remoteInfo = FOOServer;
		};
/* End PBXContainerItemProxy section */

/* Begin PBXCopyFilesBuildPhase section */
		2EFD138C276FF5DF0073F6AD /* CopyFiles */ = {
			isa = PBXCopyFilesBuildPhase;
			buildActionMask = 12;
			dstPath = "";
			dstSubfolderSpec = 16;
			files = (
				2EFD148627711D7E0073F6AD /* helpfile.txt in CopyFiles */,
				2EFD14892771213F0073F6AD /* valueschema.csv in CopyFiles */,
				2EFD14CA277E46920073F6AD /* coopmgr.props.json in CopyFiles */,
			);
			runOnlyForDeploymentPostprocessing = 0;
		};
/* End PBXCopyFilesBuildPhase section */

/* Begin PBXFileReference section */
		2E30B62E2784DB03003CAA43 /* WittyPi3.cpp */ = {isa = PBXFileReference; lastKnownFileType = sourcecode.cpp.cpp; path = WittyPi3.cpp; sourceTree = "<group>"; };
		2E30B62F2784DB03003CAA43 /* WittyPi3.hpp */ = {isa = PBXFileReference; lastKnownFileType = sourcecode.cpp.h; path = WittyPi3.hpp; sourceTree = "<group>"; };
		2EFD138E276FF5DF0073F6AD /* coopserver */ = {isa = PBXFileReference; explicitFileType = "compiled.mach-o.executable"; includeInIndex = 0; path = coopserver; sourceTree = BUILT_PRODUCTS_DIR; };
		2EFD1391276FF5DF0073F6AD /* main.cpp */ = {isa = PBXFileReference; lastKnownFileType = sourcecode.cpp.cpp; path = main.cpp; sourceTree = "<group>"; };
		2EFD1452277001B60073F6AD /* FooServer.xcodeproj */ = {isa = PBXFileReference; lastKnownFileType = "wrapper.pb-project"; name = FooServer.xcodeproj; path = FooServer/FooServer.xcodeproj; sourceTree = "<group>"; };
		2EFD145F277100320073F6AD /* CoopMgrCommon.h */ = {isa = PBXFileReference; lastKnownFileType = sourcecode.c.h; path = CoopMgrCommon.h; sourceTree = "<group>"; };
		2EFD1460277100AA0073F6AD /* CoopMgr.cpp */ = {isa = PBXFileReference; lastKnownFileType = sourcecode.cpp.cpp; path = CoopMgr.cpp; sourceTree = "<group>"; };
		2EFD1461277100AA0073F6AD /* CoopMgr.hpp */ = {isa = PBXFileReference; lastKnownFileType = sourcecode.cpp.h; path = CoopMgr.hpp; sourceTree = "<group>"; };
		2EFD1462277101390073F6AD /* CoopMgrDevice.hpp */ = {isa = PBXFileReference; lastKnownFileType = sourcecode.cpp.h; path = CoopMgrDevice.hpp; sourceTree = "<group>"; };
		2EFD1464277102C20073F6AD /* I2C.hpp */ = {isa = PBXFileReference; lastKnownFileType = sourcecode.cpp.h; path = I2C.hpp; sourceTree = "<group>"; };
		2EFD1465277102C20073F6AD /* TempSensor.cpp */ = {isa = PBXFileReference; lastKnownFileType = sourcecode.cpp.cpp; path = TempSensor.cpp; sourceTree = "<group>"; };
		2EFD1466277102C20073F6AD /* I2C.cpp */ = {isa = PBXFileReference; lastKnownFileType = sourcecode.cpp.cpp; path = I2C.cpp; sourceTree = "<group>"; };
		2EFD1467277102C20073F6AD /* CPUInfo.cpp */ = {isa = PBXFileReference; lastKnownFileType = sourcecode.cpp.cpp; path = CPUInfo.cpp; sourceTree = "<group>"; };
		2EFD1468277102C20073F6AD /* CPUInfo.hpp */ = {isa = PBXFileReference; lastKnownFileType = sourcecode.cpp.h; path = CPUInfo.hpp; sourceTree = "<group>"; };
		2EFD1469277102C20073F6AD /* TMP102.hpp */ = {isa = PBXFileReference; lastKnownFileType = sourcecode.cpp.h; path = TMP102.hpp; sourceTree = "<group>"; };
		2EFD146A277102C20073F6AD /* TempSensor.hpp */ = {isa = PBXFileReference; lastKnownFileType = sourcecode.cpp.h; path = TempSensor.hpp; sourceTree = "<group>"; };
		2EFD146B277102C20073F6AD /* TMP102.cpp */ = {isa = PBXFileReference; lastKnownFileType = sourcecode.cpp.cpp; path = TMP102.cpp; sourceTree = "<group>"; };
		2EFD1470277107950073F6AD /* ServerCommands.hpp */ = {isa = PBXFileReference; lastKnownFileType = sourcecode.cpp.h; path = ServerCommands.hpp; sourceTree = "<group>"; };
		2EFD1471277108070073F6AD /* ServerNouns.cpp */ = {isa = PBXFileReference; lastKnownFileType = sourcecode.cpp.cpp; path = ServerNouns.cpp; sourceTree = "<group>"; };
		2EFD1474277108C30073F6AD /* ServerCmdValidators.hpp */ = {isa = PBXFileReference; lastKnownFileType = sourcecode.cpp.h; path = ServerCmdValidators.hpp; sourceTree = "<group>"; };
		2EFD1475277109470073F6AD /* CommonIncludes.hpp */ = {isa = PBXFileReference; lastKnownFileType = sourcecode.cpp.h; path = CommonIncludes.hpp; sourceTree = "<group>"; };
		2EFD147627710A490073F6AD /* libsqlite3.tbd */ = {isa = PBXFileReference; lastKnownFileType = "sourcecode.text-based-dylib-definition"; name = libsqlite3.tbd; path = usr/lib/libsqlite3.tbd; sourceTree = SDKROOT; };
		2EFD147827710A770073F6AD /* CoopMgrDB.cpp */ = {isa = PBXFileReference; lastKnownFileType = sourcecode.cpp.cpp; path = CoopMgrDB.cpp; sourceTree = "<group>"; };
		2EFD147927710A770073F6AD /* CoopMgrDB.hpp */ = {isa = PBXFileReference; lastKnownFileType = sourcecode.cpp.h; path = CoopMgrDB.hpp; sourceTree = "<group>"; };
		2EFD147B277111C20073F6AD /* CoopMgrAPISecretMgr.cpp */ = {isa = PBXFileReference; lastKnownFileType = sourcecode.cpp.cpp; path = CoopMgrAPISecretMgr.cpp; sourceTree = "<group>"; };
		2EFD147C277111C20073F6AD /* CoopMgrAPISecretMgr.hpp */ = {isa = PBXFileReference; lastKnownFileType = sourcecode.cpp.h; path = CoopMgrAPISecretMgr.hpp; sourceTree = "<group>"; };
		2EFD148127711BC60073F6AD /* ServerCommandsLineFunctions.cpp */ = {isa = PBXFileReference; lastKnownFileType = sourcecode.cpp.cpp; path = ServerCommandsLineFunctions.cpp; sourceTree = "<group>"; };
		2EFD148527711D410073F6AD /* helpfile.txt */ = {isa = PBXFileReference; lastKnownFileType = text; path = helpfile.txt; sourceTree = "<group>"; };
		2EFD1488277121250073F6AD /* valueschema.csv */ = {isa = PBXFileReference; lastKnownFileType = text; path = valueschema.csv; sourceTree = "<group>"; };
		2EFD148D277124BC0073F6AD /* CMakeLists.txt */ = {isa = PBXFileReference; lastKnownFileType = text; name = CMakeLists.txt; path = ../CMakeLists.txt; sourceTree = "<group>"; };
		2EFD148E277124C40073F6AD /* sync.sh */ = {isa = PBXFileReference; lastKnownFileType = text.script.sh; name = sync.sh; path = ../sync.sh; sourceTree = "<group>"; };
		2EFD1491277167BE0073F6AD /* sunset.cpp */ = {isa = PBXFileReference; fileEncoding = 4; lastKnownFileType = sourcecode.cpp.cpp; path = sunset.cpp; sourceTree = "<group>"; };
		2EFD1492277167BE0073F6AD /* sunset.h */ = {isa = PBXFileReference; fileEncoding = 4; lastKnownFileType = sourcecode.c.h; path = sunset.h; sourceTree = "<group>"; };
		2EFD14942771680B0073F6AD /* SolarTimeMgr.cpp */ = {isa = PBXFileReference; fileEncoding = 4; lastKnownFileType = sourcecode.cpp.cpp; path = SolarTimeMgr.cpp; sourceTree = "<group>"; };
		2EFD14952771680B0073F6AD /* SolarTimeMgr.hpp */ = {isa = PBXFileReference; fileEncoding = 4; lastKnownFileType = sourcecode.cpp.h; path = SolarTimeMgr.hpp; sourceTree = "<group>"; };
		2EFD149A27725EC50073F6AD /* GPIO.hpp */ = {isa = PBXFileReference; fileEncoding = 4; lastKnownFileType = sourcecode.cpp.h; path = GPIO.hpp; sourceTree = "<group>"; };
		2EFD149B27725EC50073F6AD /* GPIO.cpp */ = {isa = PBXFileReference; fileEncoding = 4; lastKnownFileType = sourcecode.cpp.cpp; path = GPIO.cpp; sourceTree = "<group>"; };
		2EFD149D27725F710073F6AD /* CoopDevices.cpp */ = {isa = PBXFileReference; lastKnownFileType = sourcecode.cpp.cpp; path = CoopDevices.cpp; sourceTree = "<group>"; };
		2EFD149E27725F710073F6AD /* CoopDevices.hpp */ = {isa = PBXFileReference; lastKnownFileType = sourcecode.cpp.h; path = CoopDevices.hpp; sourceTree = "<group>"; };
		2EFD14A42772A80A0073F6AD /* QwiicButton.cpp */ = {isa = PBXFileReference; lastKnownFileType = sourcecode.cpp.cpp; path = QwiicButton.cpp; sourceTree = "<group>"; };
		2EFD14A52772A80A0073F6AD /* QwiicButton.hpp */ = {isa = PBXFileReference; lastKnownFileType = sourcecode.cpp.h; path = QwiicButton.hpp; sourceTree = "<group>"; };
		2EFD14AB277539670073F6AD /* RPi_RelayHat.cpp */ = {isa = PBXFileReference; lastKnownFileType = sourcecode.cpp.cpp; path = RPi_RelayHat.cpp; sourceTree = "<group>"; };
		2EFD14AC277539670073F6AD /* RPi_RelayHat.hpp */ = {isa = PBXFileReference; lastKnownFileType = sourcecode.cpp.h; path = RPi_RelayHat.hpp; sourceTree = "<group>"; };
		2EFD14B327768DCC0073F6AD /* macos_gpiod.h */ = {isa = PBXFileReference; lastKnownFileType = sourcecode.c.h; path = macos_gpiod.h; sourceTree = "<group>"; };
		2EFD14B4277691BB0073F6AD /* macos_gpiod.c */ = {isa = PBXFileReference; lastKnownFileType = sourcecode.c.c; path = macos_gpiod.c; sourceTree = "<group>"; };
		2EFD14BA277A50790073F6AD /* DoorMgr.cpp */ = {isa = PBXFileReference; lastKnownFileType = sourcecode.cpp.cpp; path = DoorMgr.cpp; sourceTree = "<group>"; };
		2EFD14BB277A50790073F6AD /* DoorMgr.hpp */ = {isa = PBXFileReference; lastKnownFileType = sourcecode.cpp.h; path = DoorMgr.hpp; sourceTree = "<group>"; };
		2EFD14C1277D1E270073F6AD /* Action.cpp */ = {isa = PBXFileReference; lastKnownFileType = sourcecode.cpp.cpp; path = Action.cpp; sourceTree = "<group>"; };
		2EFD14C2277D1E270073F6AD /* Action.hpp */ = {isa = PBXFileReference; lastKnownFileType = sourcecode.cpp.h; path = Action.hpp; sourceTree = "<group>"; };
		2EFD14C4277D276A0073F6AD /* Event.cpp */ = {isa = PBXFileReference; lastKnownFileType = sourcecode.cpp.cpp; path = Event.cpp; sourceTree = "<group>"; };
		2EFD14C5277D276A0073F6AD /* Event.hpp */ = {isa = PBXFileReference; lastKnownFileType = sourcecode.cpp.h; path = Event.hpp; sourceTree = "<group>"; };
		2EFD14C9277E46580073F6AD /* coopmgr.props.json */ = {isa = PBXFileReference; lastKnownFileType = text.json; path = coopmgr.props.json; sourceTree = "<group>"; };
/* End PBXFileReference section */

/* Begin PBXFrameworksBuildPhase section */
		2EFD138B276FF5DF0073F6AD /* Frameworks */ = {
			isa = PBXFrameworksBuildPhase;
			buildActionMask = 2147483647;
			files = (
				2EFD147727710A490073F6AD /* libsqlite3.tbd in Frameworks */,
				2EFD145B277003520073F6AD /* libFOOServer.a in Frameworks */,
			);
			runOnlyForDeploymentPostprocessing = 0;
		};
/* End PBXFrameworksBuildPhase section */

/* Begin PBXGroup section */
		2EFD1385276FF5DF0073F6AD = {
			isa = PBXGroup;
			children = (
				2EFD148C277124720073F6AD /* Build Stuff */,
				2EFD147E277117EB0073F6AD /* Assets */,
				2EFD1390276FF5DF0073F6AD /* src */,
				2EFD145E2770FFFC0073F6AD /* CoopMgr */,
				2EFD1399276FFD800073F6AD /* Submodule */,
				2EFD138F276FF5DF0073F6AD /* Products */,
				2EFD145A277003520073F6AD /* Frameworks */,
			);
			sourceTree = "<group>";
		};
		2EFD138F276FF5DF0073F6AD /* Products */ = {
			isa = PBXGroup;
			children = (
				2EFD138E276FF5DF0073F6AD /* coopserver */,
			);
			name = Products;
			sourceTree = "<group>";
		};
		2EFD1390276FF5DF0073F6AD /* src */ = {
			isa = PBXGroup;
			children = (
				2EFD1391276FF5DF0073F6AD /* main.cpp */,
				2EFD1470277107950073F6AD /* ServerCommands.hpp */,
				2EFD1475277109470073F6AD /* CommonIncludes.hpp */,
				2EFD1471277108070073F6AD /* ServerNouns.cpp */,
				2EFD148127711BC60073F6AD /* ServerCommandsLineFunctions.cpp */,
				2EFD1474277108C30073F6AD /* ServerCmdValidators.hpp */,
			);
			path = src;
			sourceTree = "<group>";
		};
		2EFD1399276FFD800073F6AD /* Submodule */ = {
			isa = PBXGroup;
			children = (
				2EFD1452277001B60073F6AD /* FooServer.xcodeproj */,
			);
			name = Submodule;
			path = ../Submodule;
			sourceTree = "<group>";
		};
		2EFD1453277001B60073F6AD /* Products */ = {
			isa = PBXGroup;
			children = (
				2EFD1457277001B60073F6AD /* libFOOServer.a */,
			);
			name = Products;
			sourceTree = "<group>";
		};
		2EFD145A277003520073F6AD /* Frameworks */ = {
			isa = PBXGroup;
			children = (
				2EFD147627710A490073F6AD /* libsqlite3.tbd */,
			);
			name = Frameworks;
			sourceTree = "<group>";
		};
		2EFD145E2770FFFC0073F6AD /* CoopMgr */ = {
			isa = PBXGroup;
			children = (
				2EFD145F277100320073F6AD /* CoopMgrCommon.h */,
				2EFD1460277100AA0073F6AD /* CoopMgr.cpp */,
				2EFD1461277100AA0073F6AD /* CoopMgr.hpp */,
				2EFD147827710A770073F6AD /* CoopMgrDB.cpp */,
				2EFD147927710A770073F6AD /* CoopMgrDB.hpp */,
				2EFD1462277101390073F6AD /* CoopMgrDevice.hpp */,
				2EFD147B277111C20073F6AD /* CoopMgrAPISecretMgr.cpp */,
				2EFD147C277111C20073F6AD /* CoopMgrAPISecretMgr.hpp */,
				2EFD14942771680B0073F6AD /* SolarTimeMgr.cpp */,
				2EFD14952771680B0073F6AD /* SolarTimeMgr.hpp */,
				2EFD14C1277D1E270073F6AD /* Action.cpp */,
				2EFD14C2277D1E270073F6AD /* Action.hpp */,
				2EFD14C4277D276A0073F6AD /* Event.cpp */,
				2EFD14C5277D276A0073F6AD /* Event.hpp */,
				2EFD1467277102C20073F6AD /* CPUInfo.cpp */,
				2EFD1468277102C20073F6AD /* CPUInfo.hpp */,
				2EFD149D27725F710073F6AD /* CoopDevices.cpp */,
				2EFD149E27725F710073F6AD /* CoopDevices.hpp */,
				2EFD14BA277A50790073F6AD /* DoorMgr.cpp */,
				2EFD14BB277A50790073F6AD /* DoorMgr.hpp */,
				2EFD14AB277539670073F6AD /* RPi_RelayHat.cpp */,
				2EFD14AC277539670073F6AD /* RPi_RelayHat.hpp */,
				2EFD149B27725EC50073F6AD /* GPIO.cpp */,
				2EFD149A27725EC50073F6AD /* GPIO.hpp */,
				2EFD14B327768DCC0073F6AD /* macos_gpiod.h */,
				2EFD14B4277691BB0073F6AD /* macos_gpiod.c */,
				2EFD1466277102C20073F6AD /* I2C.cpp */,
				2EFD1464277102C20073F6AD /* I2C.hpp */,
				2E30B62E2784DB03003CAA43 /* WittyPi3.cpp */,
				2E30B62F2784DB03003CAA43 /* WittyPi3.hpp */,
				2EFD1465277102C20073F6AD /* TempSensor.cpp */,
				2EFD146A277102C20073F6AD /* TempSensor.hpp */,
				2EFD146B277102C20073F6AD /* TMP102.cpp */,
				2EFD1469277102C20073F6AD /* TMP102.hpp */,
				2EFD14A42772A80A0073F6AD /* QwiicButton.cpp */,
				2EFD14A52772A80A0073F6AD /* QwiicButton.hpp */,
				2EFD1491277167BE0073F6AD /* sunset.cpp */,
				2EFD1492277167BE0073F6AD /* sunset.h */,
			);
			path = CoopMgr;
			sourceTree = "<group>";
		};
		2EFD147E277117EB0073F6AD /* Assets */ = {
			isa = PBXGroup;
			children = (
				2EFD14C9277E46580073F6AD /* coopmgr.props.json */,
				2EFD148527711D410073F6AD /* helpfile.txt */,
				2EFD1488277121250073F6AD /* valueschema.csv */,
			);
			name = Assets;
			path = ../Assets;
			sourceTree = "<group>";
		};
		2EFD148C277124720073F6AD /* Build Stuff */ = {
			isa = PBXGroup;
			children = (
				2EFD148E277124C40073F6AD /* sync.sh */,
				2EFD148D277124BC0073F6AD /* CMakeLists.txt */,
			);
			name = "Build Stuff";
			sourceTree = "<group>";
		};
/* End PBXGroup section */

/* Begin PBXNativeTarget section */
		2EFD138D276FF5DF0073F6AD /* coopserver */ = {
			isa = PBXNativeTarget;
			buildConfigurationList = 2EFD1395276FF5DF0073F6AD /* Build configuration list for PBXNativeTarget "coopserver" */;
			buildPhases = (
				2EFD138A276FF5DF0073F6AD /* Sources */,
				2EFD138B276FF5DF0073F6AD /* Frameworks */,
				2EFD138C276FF5DF0073F6AD /* CopyFiles */,
			);
			buildRules = (
			);
			dependencies = (
				2EFD14592770033C0073F6AD /* PBXTargetDependency */,
			);
			name = coopserver;
			productName = coopserver;
			productReference = 2EFD138E276FF5DF0073F6AD /* coopserver */;
			productType = "com.apple.product-type.tool";
		};
/* End PBXNativeTarget section */

/* Begin PBXProject section */
		2EFD1386276FF5DF0073F6AD /* Project object */ = {
			isa = PBXProject;
			attributes = {
				LastUpgradeCheck = 1250;
				TargetAttributes = {
					2EFD138D276FF5DF0073F6AD = {
						CreatedOnToolsVersion = 12.5.1;
					};
				};
			};
			buildConfigurationList = 2EFD1389276FF5DF0073F6AD /* Build configuration list for PBXProject "coopserver" */;
			compatibilityVersion = "Xcode 9.3";
			developmentRegion = en;
			hasScannedForEncodings = 0;
			knownRegions = (
				en,
				Base,
			);
			mainGroup = 2EFD1385276FF5DF0073F6AD;
			productRefGroup = 2EFD138F276FF5DF0073F6AD /* Products */;
			projectDirPath = "";
			projectReferences = (
				{
					ProductGroup = 2EFD1453277001B60073F6AD /* Products */;
					ProjectRef = 2EFD1452277001B60073F6AD /* FooServer.xcodeproj */;
				},
			);
			projectRoot = "";
			targets = (
				2EFD138D276FF5DF0073F6AD /* coopserver */,
			);
		};
/* End PBXProject section */

/* Begin PBXReferenceProxy section */
		2EFD1457277001B60073F6AD /* libFOOServer.a */ = {
			isa = PBXReferenceProxy;
			fileType = archive.ar;
			path = libFOOServer.a;
			remoteRef = 2EFD1456277001B60073F6AD /* PBXContainerItemProxy */;
			sourceTree = BUILT_PRODUCTS_DIR;
		};
/* End PBXReferenceProxy section */

/* Begin PBXSourcesBuildPhase section */
		2EFD138A276FF5DF0073F6AD /* Sources */ = {
			isa = PBXSourcesBuildPhase;
			buildActionMask = 2147483647;
			files = (
				2EFD14A62772A80A0073F6AD /* QwiicButton.cpp in Sources */,
				2EFD14B5277691BB0073F6AD /* macos_gpiod.c in Sources */,
				2EFD1392276FF5DF0073F6AD /* main.cpp in Sources */,
				2EFD147D277111C20073F6AD /* CoopMgrAPISecretMgr.cpp in Sources */,
				2EFD1463277101D10073F6AD /* CoopMgr.cpp in Sources */,
				2E30B6302784DB03003CAA43 /* WittyPi3.cpp in Sources */,
				2EFD14C3277D1E270073F6AD /* Action.cpp in Sources */,
				2EFD1473277108070073F6AD /* ServerNouns.cpp in Sources */,
				2EFD14AD277539670073F6AD /* RPi_RelayHat.cpp in Sources */,
				2EFD1493277167BE0073F6AD /* sunset.cpp in Sources */,
				2EFD14BC277A50790073F6AD /* DoorMgr.cpp in Sources */,
				2EFD147A27710A770073F6AD /* CoopMgrDB.cpp in Sources */,
				2EFD149F27725F710073F6AD /* CoopDevices.cpp in Sources */,
				2EFD14C6277D276A0073F6AD /* Event.cpp in Sources */,
				2EFD146D277106270073F6AD /* I2C.cpp in Sources */,
				2EFD14962771680B0073F6AD /* SolarTimeMgr.cpp in Sources */,
				2EFD148227711BC60073F6AD /* ServerCommandsLineFunctions.cpp in Sources */,
				2EFD146F2771062D0073F6AD /* TMP102.cpp in Sources */,
				2EFD149C27725EC50073F6AD /* GPIO.cpp in Sources */,
				2EFD146E277106290073F6AD /* TempSensor.cpp in Sources */,
				2EFD146C277106240073F6AD /* CPUInfo.cpp in Sources */,
			);
			runOnlyForDeploymentPostprocessing = 0;
		};
/* End PBXSourcesBuildPhase section */

/* Begin PBXTargetDependency section */
		2EFD14592770033C0073F6AD /* PBXTargetDependency */ = {
			isa = PBXTargetDependency;
			name = FOOServer;
			targetProxy = 2EFD14582770033C0073F6AD /* PBXContainerItemProxy */;
		};
/* End PBXTargetDependency section */

/* Begin XCBuildConfiguration section */
		2EFD1393276FF5DF0073F6AD /* Debug */ = {
			isa = XCBuildConfiguration;
			buildSettings = {
				ALWAYS_SEARCH_USER_PATHS = NO;
				CLANG_ANALYZER_NONNULL = YES;
				CLANG_ANALYZER_NUMBER_OBJECT_CONVERSION = YES_AGGRESSIVE;
				CLANG_CXX_LANGUAGE_STANDARD = "c++17";
				CLANG_CXX_LIBRARY = "libc++";
				CLANG_ENABLE_MODULES = YES;
				CLANG_ENABLE_OBJC_ARC = YES;
				CLANG_ENABLE_OBJC_WEAK = YES;
				CLANG_WARN_BLOCK_CAPTURE_AUTORELEASING = YES;
				CLANG_WARN_BOOL_CONVERSION = YES;
				CLANG_WARN_COMMA = YES;
				CLANG_WARN_CONSTANT_CONVERSION = YES;
				CLANG_WARN_DEPRECATED_OBJC_IMPLEMENTATIONS = YES;
				CLANG_WARN_DIRECT_OBJC_ISA_USAGE = YES_ERROR;
				CLANG_WARN_DOCUMENTATION_COMMENTS = YES;
				CLANG_WARN_EMPTY_BODY = YES;
				CLANG_WARN_ENUM_CONVERSION = YES;
				CLANG_WARN_INFINITE_RECURSION = YES;
				CLANG_WARN_INT_CONVERSION = YES;
				CLANG_WARN_NON_LITERAL_NULL_CONVERSION = YES;
				CLANG_WARN_OBJC_IMPLICIT_RETAIN_SELF = YES;
				CLANG_WARN_OBJC_LITERAL_CONVERSION = YES;
				CLANG_WARN_OBJC_ROOT_CLASS = YES_ERROR;
				CLANG_WARN_QUOTED_INCLUDE_IN_FRAMEWORK_HEADER = YES;
				CLANG_WARN_RANGE_LOOP_ANALYSIS = YES;
				CLANG_WARN_STRICT_PROTOTYPES = YES;
				CLANG_WARN_SUSPICIOUS_MOVE = YES;
				CLANG_WARN_UNGUARDED_AVAILABILITY = YES_AGGRESSIVE;
				CLANG_WARN_UNREACHABLE_CODE = YES;
				CLANG_WARN__DUPLICATE_METHOD_MATCH = YES;
				COPY_PHASE_STRIP = NO;
				DEBUG_INFORMATION_FORMAT = dwarf;
				ENABLE_STRICT_OBJC_MSGSEND = YES;
				ENABLE_TESTABILITY = YES;
				GCC_C_LANGUAGE_STANDARD = gnu11;
				GCC_DYNAMIC_NO_PIC = NO;
				GCC_NO_COMMON_BLOCKS = YES;
				GCC_OPTIMIZATION_LEVEL = 0;
				GCC_PREPROCESSOR_DEFINITIONS = (
					"DEBUG=1",
					"$(inherited)",
				);
				GCC_WARN_64_TO_32_BIT_CONVERSION = YES;
				GCC_WARN_ABOUT_RETURN_TYPE = YES_ERROR;
				GCC_WARN_UNDECLARED_SELECTOR = YES;
				GCC_WARN_UNINITIALIZED_AUTOS = YES_AGGRESSIVE;
				GCC_WARN_UNUSED_FUNCTION = YES;
				GCC_WARN_UNUSED_VARIABLE = YES;
				MACOSX_DEPLOYMENT_TARGET = 11.3;
				MTL_ENABLE_DEBUG_INFO = INCLUDE_SOURCE;
				MTL_FAST_MATH = YES;
				ONLY_ACTIVE_ARCH = YES;
				SDKROOT = macosx;
			};
			name = Debug;
		};
		2EFD1394276FF5DF0073F6AD /* Release */ = {
			isa = XCBuildConfiguration;
			buildSettings = {
				ALWAYS_SEARCH_USER_PATHS = NO;
				CLANG_ANALYZER_NONNULL = YES;
				CLANG_ANALYZER_NUMBER_OBJECT_CONVERSION = YES_AGGRESSIVE;
				CLANG_CXX_LANGUAGE_STANDARD = "c++17";
				CLANG_CXX_LIBRARY = "libc++";
				CLANG_ENABLE_MODULES = YES;
				CLANG_ENABLE_OBJC_ARC = YES;
				CLANG_ENABLE_OBJC_WEAK = YES;
				CLANG_WARN_BLOCK_CAPTURE_AUTORELEASING = YES;
				CLANG_WARN_BOOL_CONVERSION = YES;
				CLANG_WARN_COMMA = YES;
				CLANG_WARN_CONSTANT_CONVERSION = YES;
				CLANG_WARN_DEPRECATED_OBJC_IMPLEMENTATIONS = YES;
				CLANG_WARN_DIRECT_OBJC_ISA_USAGE = YES_ERROR;
				CLANG_WARN_DOCUMENTATION_COMMENTS = YES;
				CLANG_WARN_EMPTY_BODY = YES;
				CLANG_WARN_ENUM_CONVERSION = YES;
				CLANG_WARN_INFINITE_RECURSION = YES;
				CLANG_WARN_INT_CONVERSION = YES;
				CLANG_WARN_NON_LITERAL_NULL_CONVERSION = YES;
				CLANG_WARN_OBJC_IMPLICIT_RETAIN_SELF = YES;
				CLANG_WARN_OBJC_LITERAL_CONVERSION = YES;
				CLANG_WARN_OBJC_ROOT_CLASS = YES_ERROR;
				CLANG_WARN_QUOTED_INCLUDE_IN_FRAMEWORK_HEADER = YES;
				CLANG_WARN_RANGE_LOOP_ANALYSIS = YES;
				CLANG_WARN_STRICT_PROTOTYPES = YES;
				CLANG_WARN_SUSPICIOUS_MOVE = YES;
				CLANG_WARN_UNGUARDED_AVAILABILITY = YES_AGGRESSIVE;
				CLANG_WARN_UNREACHABLE_CODE = YES;
				CLANG_WARN__DUPLICATE_METHOD_MATCH = YES;
				COPY_PHASE_STRIP = NO;
				DEBUG_INFORMATION_FORMAT = "dwarf-with-dsym";
				ENABLE_NS_ASSERTIONS = NO;
				ENABLE_STRICT_OBJC_MSGSEND = YES;
				GCC_C_LANGUAGE_STANDARD = gnu11;
				GCC_NO_COMMON_BLOCKS = YES;
				GCC_WARN_64_TO_32_BIT_CONVERSION = YES;
				GCC_WARN_ABOUT_RETURN_TYPE = YES_ERROR;
				GCC_WARN_UNDECLARED_SELECTOR = YES;
				GCC_WARN_UNINITIALIZED_AUTOS = YES_AGGRESSIVE;
				GCC_WARN_UNUSED_FUNCTION = YES;
				GCC_WARN_UNUSED_VARIABLE = YES;
				MACOSX_DEPLOYMENT_TARGET = 11.3;
				MTL_ENABLE_DEBUG_INFO = NO;
				MTL_FAST_MATH = YES;
				SDKROOT = macosx;
			};
			name = Release;
		};
		2EFD1396276FF5DF0073F6AD /* Debug */ = {
			isa = XCBuildConfiguration;
			buildSettings = {
				CLANG_CXX_LANGUAGE_STANDARD = "c++17";
				CODE_SIGN_IDENTITY = "-";
				CODE_SIGN_STYLE = Automatic;
				DEVELOPMENT_TEAM = PDXWT4JFG9;
				ENABLE_HARDENED_RUNTIME = YES;
				GCC_SYMBOLS_PRIVATE_EXTERN = YES;
				PRODUCT_NAME = "$(TARGET_NAME)";
				USER_HEADER_SEARCH_PATHS = "../Submodule/FooServer/src/**";
			};
			name = Debug;
		};
		2EFD1397276FF5DF0073F6AD /* Release */ = {
			isa = XCBuildConfiguration;
			buildSettings = {
				CLANG_CXX_LANGUAGE_STANDARD = "c++17";
				CODE_SIGN_IDENTITY = "-";
				CODE_SIGN_STYLE = Automatic;
				DEVELOPMENT_TEAM = PDXWT4JFG9;
				ENABLE_HARDENED_RUNTIME = YES;
				GCC_SYMBOLS_PRIVATE_EXTERN = YES;
				PRODUCT_NAME = "$(TARGET_NAME)";
				USER_HEADER_SEARCH_PATHS = "../Submodule/FooServer/src/**";
			};
			name = Release;
		};
/* End XCBuildConfiguration section */

/* Begin XCConfigurationList section */
		2EFD1389276FF5DF0073F6AD /* Build configuration list for PBXProject "coopserver" */ = {
			isa = XCConfigurationList;
			buildConfigurations = (
				2EFD1393276FF5DF0073F6AD /* Debug */,
				2EFD1394276FF5DF0073F6AD /* Release */,
			);
			defaultConfigurationIsVisible = 0;
			defaultConfigurationName = Release;
		};
		2EFD1395276FF5DF0073F6AD /* Build configuration list for PBXNativeTarget "coopserver" */ = {
			isa = XCConfigurationList;
			buildConfigurations = (
				2EFD1396276FF5DF0073F6AD /* Debug */,
				2EFD1397276FF5DF0073F6AD /* Release */,
			);
			defaultConfigurationIsVisible = 0;
			defaultConfigurationName = Release;
		};
/* End XCConfigurationList section */
	};
	rootObject = 2EFD1386276FF5DF0073F6AD /* Project object */;
}
